schema: '2.0'
stages:
  data_split:
    cmd: python src/data_split.py
    deps:
    - path: src/data_split.py
      hash: md5
      md5: 1378a9bee807f3c291c88e474a672d62
      size: 1271
    params:
      params.yaml:
        base.random_state: 46
        data_source.local_path: C:\Users\awscl\OneDrive\Desktop\project_DVC\Training_Batch_Files\data.csv
        split.split_ratio: 0.25
    outs:
    - path: data/split
      hash: md5
      md5: 267cdfe18a39b25e669d6c28b4c6e17a.dir
      size: 126173
      nfiles: 2
  data_processing:
    cmd: python src/data_processing.py data/processed
    deps:
    - path: data/split
      hash: md5
      md5: 267cdfe18a39b25e669d6c28b4c6e17a.dir
      size: 126173
      nfiles: 2
    - path: src/data_processing.py
      hash: md5
      md5: 0930dcfafee3eeb9292ad28b8288be0e
      size: 1861
    params:
      params.yaml:
        process.dir: data/processed
        process.test_file: final_test.csv
        process.train_file: final_train.csv
        split.dir: data/split
        split.test_file: test.csv
        split.train_file: train.csv
    outs:
    - path: data/processed
      hash: md5
      md5: 3d6fe4d3df7046fba0f5fef273dd4049.dir
      size: 121967
      nfiles: 2
  train:
    cmd: python src/train.py data/features model/model.pkldvc stage add -n train -p
      process.dir,process.train_file,process.test_file,base.random_state,base.target_col,train.n_est,model_dir
      -d src/train.py -d data/processed -o model/model.pkl python src/train.py data/features
      model/model.pkl
    deps:
    - path: data/processed
      hash: md5
      md5: 3d6fe4d3df7046fba0f5fef273dd4049.dir
      size: 121967
      nfiles: 2
    - path: src/train.py
      hash: md5
      md5: 8212269e4488d0098e3c32d2bf26c1c2
      size: 2491
    params:
      params.yaml:
        base.random_state: 46
        base.target_col: diagnosis
        model_dir: model
        process.dir: data/processed
        process.test_file: final_test.csv
        process.train_file: final_train.csv
        train.n_est: 20
    outs:
    - path: model/model.pkl
      hash: md5
      md5: 6a6d17229800ef6aa5eeb04792e27e54
      size: 61437
  evaluate:
    cmd: python src/evaluate.py model/model.pkl data/processed
    deps:
    - path: data/processed
      hash: md5
      md5: 3d6fe4d3df7046fba0f5fef273dd4049.dir
      size: 121967
      nfiles: 2
    - path: model/model.pkl
      hash: md5
      md5: 6a6d17229800ef6aa5eeb04792e27e54
      size: 61437
    - path: src/evaluate.py
      hash: md5
      md5: 452f3ab4aec431897ca3c2f193427faa
      size: 6961
    outs:
    - path: eval/importance.png
      hash: md5
      md5: 14b556c38ab28f8b7e33246637539d47
      size: 24299
    - path: eval/live/metrics.json
      hash: md5
      md5: 0a51b3fb3afc586060e310d099be221c
      size: 205
    - path: eval/live/plots
      hash: md5
      md5: 72ad5d1e7c79f50db68065e1824456a5.dir
      size: 41092
      nfiles: 4
    - path: eval/prc
      hash: md5
      md5: b5e657f34ad0cac8269cb8f0cf58dc50.dir
      size: 4695
      nfiles: 2
